{"lockfileVersion":2,"dependencies":{"@redis/client":{"version":"^2.0.0","resolved":"https://registry.npmjs.org/@redis/client/-/client-2.0.0.tgz","integrity":"sha512-aTzDrAixZgxQe7/Su7QR3Wfu7HDs7Sm6JCqxdWZMH2Dk1kHgCXuY8gRMDW4V4gFlr5M0JKdiWmsN+QbgGQEX79Q=="},"express":{"version":"^4.17.1","resolved":"https://registry.npmjs.org/express/-/express-4.17.1.tgz","integrity":"sha512-sEBhIjDG1uj0HzVgFxmiGBI6sD5g0ZqUj9yYS7wp0fewwOnt/Nyc16KCr2QhZidPM/FGKLz3OpTAq/MGCE+8xA=="},"dotenv":{"version":"^10.0.0","resolved":"https://registry.npmjs.org/dotenv/-/dotenv-10.0.0.tgz","integrity":"sha512-IP3Jb/fOe5BfUFXF0n2hrkzHE5DbXZH4MkY8ZH9/QQVFbVtV89OSxUj10HiLv72QKiE0e2sIlc2H3mWexYD7Vg=="},"uuid":{"version":"^8.3.2","resolved":"https://registry.npmjs.org/uuid/-/uuid-8.3.2.tgz","integrity":"sha512-EjBfrJi36Fp5YrEdpSh8i5XjQG6H1w2ZYAk5Hu6qU1tmRk3dTPMSDfeMFfP/kGz+nq1OxUyHDLEnThfyLgC8TA=="},"typescript":{"version":"^4.4.4","resolved":"https://registry.npmjs.org/typescript/-/typescript-4.4.4.tgz","integrity":"sha512-9wN1WxIEJ12E9m9u6GeRHHQft4YRZ6AI9mRJPlAcQ5hF49jEZ+U92H6VPAQL85g45fBEnHtWsy8DNET0UAHvw=="},"jest":{"version":"^27.0.0","resolved":"https://registry.npmjs.org/jest/-/jest-27.0.0.tgz","integrity":"sha512-Dzve0HZHCPjGCCbuZafAEBrG1ZAz1bL+zQQxNeTHU1ZT2T5NDgwidRM6bc0Qa3tXsv83B4hoRYwbHDZkLhWjxA=="},"eslint":{"version":"^7.32.0","resolved":"https://registry.npmjs.org/eslint/-/eslint-7.32.0.tgz","integrity":"sha512-DvBd8tXUdvago0U70DA0OfW2EBMIex2HFyXB20T0qTVdX00k64KxYZ9F6Av2dikTxDOq20X3etA2rBobDcthpQ=="}}}