{"lockfileVersion":2,"dependencies":{"@redis/client":{"version":"2.0.0","integrity":"sha512-xyz123"},"express":{"version":"4.17.1","integrity":"sha512-xyz456"},"dotenv":{"version":"10.0.0","integrity":"sha512-xyz789"},"uuid":{"version":"8.3.2","integrity":"sha512-xyzabc"}},"devDependencies":{"jest":{"version":"26.6.0","integrity":"sha512-def123"},"eslint":{"version":"7.32.0","integrity":"sha512-def456"}}}